// !$*UTF8*$!
{
	archiveVersion = 1;
	classes = {
	};
	objectVersion = 46;
	objects = {

/* Begin PBXBuildFile section */
		18FD80131C8879BA00FB5784 /* AppDelegate.swift in Sources */ = {isa = PBXBuildFile; fileRef = 18FD80121C8879BA00FB5784 /* AppDelegate.swift */; };
		18FD80151C8879BA00FB5784 /* ViewController.swift in Sources */ = {isa = PBXBuildFile; fileRef = 18FD80141C8879BA00FB5784 /* ViewController.swift */; };
		18FD80181C8879BA00FB5784 /* Main.storyboard in Resources */ = {isa = PBXBuildFile; fileRef = 18FD80161C8879BA00FB5784 /* Main.storyboard */; };
		18FD801A1C8879BA00FB5784 /* Assets.xcassets in Resources */ = {isa = PBXBuildFile; fileRef = 18FD80191C8879BA00FB5784 /* Assets.xcassets */; };
		18FD801D1C8879BA00FB5784 /* LaunchScreen.storyboard in Resources */ = {isa = PBXBuildFile; fileRef = 18FD801B1C8879BA00FB5784 /* LaunchScreen.storyboard */; };
		18FD80251C887AEE00FB5784 /* Character.swift in Sources */ = {isa = PBXBuildFile; fileRef = 18FD80241C887AEE00FB5784 /* Character.swift */; };
		18FD80271C88800500FB5784 /* Player.swift in Sources */ = {isa = PBXBuildFile; fileRef = 18FD80261C88800500FB5784 /* Player.swift */; };
		18FD80291C88835400FB5784 /* Enemy.swift in Sources */ = {isa = PBXBuildFile; fileRef = 18FD80281C88835400FB5784 /* Enemy.swift */; };
		18FD802B1C88889000FB5784 /* Kimara.swift in Sources */ = {isa = PBXBuildFile; fileRef = 18FD802A1C88889000FB5784 /* Kimara.swift */; };
		18FD802D1C888B7D00FB5784 /* DevilWizard.swift in Sources */ = {isa = PBXBuildFile; fileRef = 18FD802C1C888B7D00FB5784 /* DevilWizard.swift */; };
/* End PBXBuildFile section */

/* Begin PBXFileReference section */
		18FD800F1C8879BA00FB5784 /* rpgoop.app */ = {isa = PBXFileReference; explicitFileType = wrapper.application; includeInIndex = 0; path = rpgoop.app; sourceTree = BUILT_PRODUCTS_DIR; };
		18FD80121C8879BA00FB5784 /* AppDelegate.swift */ = {isa = PBXFileReference; lastKnownFileType = sourcecode.swift; path = AppDelegate.swift; sourceTree = "<group>"; };
		18FD80141C8879BA00FB5784 /* ViewController.swift */ = {isa = PBXFileReference; lastKnownFileType = sourcecode.swift; path = ViewController.swift; sourceTree = "<group>"; };
		18FD80171C8879BA00FB5784 /* Base */ = {isa = PBXFileReference; lastKnownFileType = file.storyboard; name = Base; path = Base.lproj/Main.storyboard; sourceTree = "<group>"; };
		18FD80191C8879BA00FB5784 /* Assets.xcassets */ = {isa = PBXFileReference; lastKnownFileType = folder.assetcatalog; path = Assets.xcassets; sourceTree = "<group>"; };
		18FD801C1C8879BA00FB5784 /* Base */ = {isa = PBXFileReference; lastKnownFileType = file.storyboard; name = Base; path = Base.lproj/LaunchScreen.storyboard; sourceTree = "<group>"; };
		18FD801E1C8879BA00FB5784 /* Info.plist */ = {isa = PBXFileReference; lastKnownFileType = text.plist.xml; path = Info.plist; sourceTree = "<group>"; };
		18FD80241C887AEE00FB5784 /* Character.swift */ = {isa = PBXFileReference; fileEncoding = 4; lastKnownFileType = sourcecode.swift; path = Character.swift; sourceTree = "<group>"; };
		18FD80261C88800500FB5784 /* Player.swift */ = {isa = PBXFileReference; fileEncoding = 4; lastKnownFileType = sourcecode.swift; path = Player.swift; sourceTree = "<group>"; };
		18FD80281C88835400FB5784 /* Enemy.swift */ = {isa = PBXFileReference; fileEncoding = 4; lastKnownFileType = sourcecode.swift; path = Enemy.swift; sourceTree = "<group>"; };
		18FD802A1C88889000FB5784 /* Kimara.swift */ = {isa = PBXFileReference; fileEncoding = 4; lastKnownFileType = sourcecode.swift; path = Kimara.swift; sourceTree = "<group>"; };
		18FD802C1C888B7D00FB5784 /* DevilWizard.swift */ = {isa = PBXFileReference; fileEncoding = 4; lastKnownFileType = sourcecode.swift; path = DevilWizard.swift; sourceTree = "<group>"; };
/* End PBXFileReference section */

/* Begin PBXFrameworksBuildPhase section */
		18FD800C1C8879BA00FB5784 /* Frameworks */ = {
			isa = PBXFrameworksBuildPhase;
			buildActionMask = 2147483647;
			files = (
			);
			runOnlyForDeploymentPostprocessing = 0;
		};
/* End PBXFrameworksBuildPhase section */

/* Begin PBXGroup section */
		18FD80061C8879BA00FB5784 = {
			isa = PBXGroup;
			children = (
				18FD80111C8879BA00FB5784 /* rpgoop */,
				18FD80101C8879BA00FB5784 /* Products */,
			);
			sourceTree = "<group>";
		};
		18FD80101C8879BA00FB5784 /* Products */ = {
			isa = PBXGroup;
			children = (
				18FD800F1C8879BA00FB5784 /* rpgoop.app */,
			);
			name = Products;
			sourceTree = "<group>";
		};
		18FD80111C8879BA00FB5784 /* rpgoop */ = {
			isa = PBXGroup;
			children = (
				18FD80121C8879BA00FB5784 /* AppDelegate.swift */,
				18FD80141C8879BA00FB5784 /* ViewController.swift */,
				18FD80241C887AEE00FB5784 /* Character.swift */,
				18FD80261C88800500FB5784 /* Player.swift */,
				18FD80281C88835400FB5784 /* Enemy.swift */,
				18FD802A1C88889000FB5784 /* Kimara.swift */,
				18FD802C1C888B7D00FB5784 /* DevilWizard.swift */,
				18FD80161C8879BA00FB5784 /* Main.storyboard */,
				18FD80191C8879BA00FB5784 /* Assets.xcassets */,
				18FD801B1C8879BA00FB5784 /* LaunchScreen.storyboard */,
				18FD801E1C8879BA00FB5784 /* Info.plist */,
			);
			path = rpgoop;
			sourceTree = "<group>";
		};
/* End PBXGroup section */

/* Begin PBXNativeTarget section */
		18FD800E1C8879BA00FB5784 /* rpgoop */ = {
			isa = PBXNativeTarget;
			buildConfigurationList = 18FD80211C8879BA00FB5784 /* Build configuration list for PBXNativeTarget "rpgoop" */;
			buildPhases = (
				18FD800B1C8879BA00FB5784 /* Sources */,
				18FD800C1C8879BA00FB5784 /* Frameworks */,
				18FD800D1C8879BA00FB5784 /* Resources */,
			);
			buildRules = (
			);
			dependencies = (
			);
			name = rpgoop;
			productName = rpgoop;
			productReference = 18FD800F1C8879BA00FB5784 /* rpgoop.app */;
			productType = "com.apple.product-type.application";
		};
/* End PBXNativeTarget section */

/* Begin PBXProject section */
		18FD80071C8879BA00FB5784 /* Project object */ = {
			isa = PBXProject;
			attributes = {
				LastSwiftUpdateCheck = 0710;
				LastUpgradeCheck = 0710;
				ORGANIZATIONNAME = "Rodrigo Pena";
				TargetAttributes = {
					18FD800E1C8879BA00FB5784 = {
						CreatedOnToolsVersion = 7.1.1;
					};
				};
			};
			buildConfigurationList = 18FD800A1C8879BA00FB5784 /* Build configuration list for PBXProject "rpgoop" */;
			compatibilityVersion = "Xcode 3.2";
			developmentRegion = English;
			hasScannedForEncodings = 0;
			knownRegions = (
				en,
				Base,
			);
			mainGroup = 18FD80061C8879BA00FB5784;
			productRefGroup = 18FD80101C8879BA00FB5784 /* Products */;
			projectDirPath = "";
			projectRoot = "";
			targets = (
				18FD800E1C8879BA00FB5784 /* rpgoop */,
			);
		};
/* End PBXProject section */

/* Begin PBXResourcesBuildPhase section */
		18FD800D1C8879BA00FB5784 /* Resources */ = {
			isa = PBXResourcesBuildPhase;
			buildActionMask = 2147483647;
			files = (
				18FD801D1C8879BA00FB5784 /* LaunchScreen.storyboard in Resources */,
				18FD801A1C8879BA00FB5784 /* Assets.xcassets in Resources */,
				18FD80181C8879BA00FB5784 /* Main.storyboard in Resources */,
			);
			runOnlyForDeploymentPostprocessing = 0;
		};
/* End PBXResourcesBuildPhase section */

/* Begin PBXSourcesBuildPhase section */
		18FD800B1C8879BA00FB5784 /* Sources */ = {
			isa = PBXSourcesBuildPhase;
			buildActionMask = 2147483647;
			files = (
				18FD80271C88800500FB5784 /* Player.swift in Sources */,
				18FD80291C88835400FB5784 /* Enemy.swift in Sources */,
				18FD802D1C888B7D00FB5784 /* DevilWizard.swift in Sources */,
				18FD802B1C88889000FB5784 /* Kimara.swift in Sources */,
				18FD80251C887AEE00FB5784 /* Character.swift in Sources */,
				18FD80151C8879BA00FB5784 /* ViewController.swift in Sources */,
				18FD80131C8879BA00FB5784 /* AppDelegate.swift in Sources */,
			);
			runOnlyForDeploymentPostprocessing = 0;
		};
/* End PBXSourcesBuildPhase section */

/* Begin PBXVariantGroup section */
		18FD80161C8879BA00FB5784 /* Main.storyboard */ = {
			isa = PBXVariantGroup;
			children = (
				18FD80171C8879BA00FB5784 /* Base */,
			);
			name = Main.storyboard;
			sourceTree = "<group>";
		};
		18FD801B1C8879BA00FB5784 /* LaunchScreen.storyboard */ = {
			isa = PBXVariantGroup;
			children = (
				18FD801C1C8879BA00FB5784 /* Base */,
			);
			name = LaunchScreen.storyboard;
			sourceTree = "<group>";
		};
/* End PBXVariantGroup section */

/* Begin XCBuildConfiguration section */
		18FD801F1C8879BA00FB5784 /* Debug */ = {
			isa = XCBuildConfiguration;
			buildSettings = {
				ALWAYS_SEARCH_USER_PATHS = NO;
				CLANG_CXX_LANGUAGE_STANDARD = "gnu++0x";
				CLANG_CXX_LIBRARY = "libc++";
				CLANG_ENABLE_MODULES = YES;
				CLANG_ENABLE_OBJC_ARC = YES;
				CLANG_WARN_BOOL_CONVERSION = YES;
				CLANG_WARN_CONSTANT_CONVERSION = YES;
				CLANG_WARN_DIRECT_OBJC_ISA_USAGE = YES_ERROR;
				CLANG_WARN_EMPTY_BODY = YES;
				CLANG_WARN_ENUM_CONVERSION = YES;
				CLANG_WARN_INT_CONVERSION = YES;
				CLANG_WARN_OBJC_ROOT_CLASS = YES_ERROR;
				CLANG_WARN_UNREACHABLE_CODE = YES;
				CLANG_WARN__DUPLICATE_METHOD_MATCH = YES;
				"CODE_SIGN_IDENTITY[sdk=iphoneos*]" = "iPhone Developer";
				COPY_PHASE_STRIP = NO;
				DEBUG_INFORMATION_FORMAT = dwarf;
				ENABLE_STRICT_OBJC_MSGSEND = YES;
				ENABLE_TESTABILITY = YES;
				GCC_C_LANGUAGE_STANDARD = gnu99;
				GCC_DYNAMIC_NO_PIC = NO;
				GCC_NO_COMMON_BLOCKS = YES;
				GCC_OPTIMIZATION_LEVEL = 0;
				GCC_PREPROCESSOR_DEFINITIONS = (
					"DEBUG=1",
					"$(inherited)",
				);
				GCC_WARN_64_TO_32_BIT_CONVERSION = YES;
				GCC_WARN_ABOUT_RETURN_TYPE = YES_ERROR;
				GCC_WARN_UNDECLARED_SELECTOR = YES;
				GCC_WARN_UNINITIALIZED_AUTOS = YES_AGGRESSIVE;
				GCC_WARN_UNUSED_FUNCTION = YES;
				GCC_WARN_UNUSED_VARIABLE = YES;
				IPHONEOS_DEPLOYMENT_TARGET = 9.1;
				MTL_ENABLE_DEBUG_INFO = YES;
				ONLY_ACTIVE_ARCH = YES;
				SDKROOT = iphoneos;
				SWIFT_OPTIMIZATION_LEVEL = "-Onone";
				TARGETED_DEVICE_FAMILY = "1,2";
			};
			name = Debug;
		};
		18FD80201C8879BA00FB5784 /* Release */ = {
			isa = XCBuildConfiguration;
			buildSettings = {
				ALWAYS_SEARCH_USER_PATHS = NO;
				CLANG_CXX_LANGUAGE_STANDARD = "gnu++0x";
				CLANG_CXX_LIBRARY = "libc++";
				CLANG_ENABLE_MODULES = YES;
				CLANG_ENABLE_OBJC_ARC = YES;
				CLANG_WARN_BOOL_CONVERSION = YES;
				CLANG_WARN_CONSTANT_CONVERSION = YES;
				CLANG_WARN_DIRECT_OBJC_ISA_USAGE = YES_ERROR;
				CLANG_WARN_EMPTY_BODY = YES;
				CLANG_WARN_ENUM_CONVERSION = YES;
				CLANG_WARN_INT_CONVERSION = YES;
				CLANG_WARN_OBJC_ROOT_CLASS = YES_ERROR;
				CLANG_WARN_UNREACHABLE_CODE = YES;
				CLANG_WARN__DUPLICATE_METHOD_MATCH = YES;
				"CODE_SIGN_IDENTITY[sdk=iphoneos*]" = "iPhone Developer";
				COPY_PHASE_STRIP = NO;
				DEBUG_INFORMATION_FORMAT = "dwarf-with-dsym";
				ENABLE_NS_ASSERTIONS = NO;
				ENABLE_STRICT_OBJC_MSGSEND = YES;
				GCC_C_LANGUAGE_STANDARD = gnu99;
				GCC_NO_COMMON_BLOCKS = YES;
				GCC_WARN_64_TO_32_BIT_CONVERSION = YES;
				GCC_WARN_ABOUT_RETURN_TYPE = YES_ERROR;
				GCC_WARN_UNDECLARED_SELECTOR = YES;
				GCC_WARN_UNINITIALIZED_AUTOS = YES_AGGRESSIVE;
				GCC_WARN_UNUSED_FUNCTION = YES;
				GCC_WARN_UNUSED_VARIABLE = YES;
				IPHONEOS_DEPLOYMENT_TARGET = 9.1;
				MTL_ENABLE_DEBUG_INFO = NO;
				SDKROOT = iphoneos;
				TARGETED_DEVICE_FAMILY = "1,2";
				VALIDATE_PRODUCT = YES;
			};
			name = Release;
		};
		18FD80221C8879BA00FB5784 /* Debug */ = {
			isa = XCBuildConfiguration;
			buildSettings = {
				ASSETCATALOG_COMPILER_APPICON_NAME = AppIcon;
				INFOPLIST_FILE = rpgoop/Info.plist;
				LD_RUNPATH_SEARCH_PATHS = "$(inherited) @executable_path/Frameworks";
				PRODUCT_BUNDLE_IDENTIFIER = com.Swift.rpgoop;
				PRODUCT_NAME = "$(TARGET_NAME)";
			};
			name = Debug;
		};
		18FD80231C8879BA00FB5784 /* Release */ = {
			isa = XCBuildConfiguration;
			buildSettings = {
				ASSETCATALOG_COMPILER_APPICON_NAME = AppIcon;
				INFOPLIST_FILE = rpgoop/Info.plist;
				LD_RUNPATH_SEARCH_PATHS = "$(inherited) @executable_path/Frameworks";
				PRODUCT_BUNDLE_IDENTIFIER = com.Swift.rpgoop;
				PRODUCT_NAME = "$(TARGET_NAME)";
			};
			name = Release;
		};
/* End XCBuildConfiguration section */

/* Begin XCConfigurationList section */
		18FD800A1C8879BA00FB5784 /* Build configuration list for PBXProject "rpgoop" */ = {
			isa = XCConfigurationList;
			buildConfigurations = (
				18FD801F1C8879BA00FB5784 /* Debug */,
				18FD80201C8879BA00FB5784 /* Release */,
			);
			defaultConfigurationIsVisible = 0;
			defaultConfigurationName = Release;
		};
		18FD80211C8879BA00FB5784 /* Build configuration list for PBXNativeTarget "rpgoop" */ = {
			isa = XCConfigurationList;
			buildConfigurations = (
				18FD80221C8879BA00FB5784 /* Debug */,
				18FD80231C8879BA00FB5784 /* Release */,
			);
			defaultConfigurationIsVisible = 0;
		};
/* End XCConfigurationList section */
	};
	rootObject = 18FD80071C8879BA00FB5784 /* Project object */;
}
